
Microsoft Visual Studio Solution File, Format Version 12.00
# Visual Studio Version 17
VisualStudioVersion = 17.2.32630.192
MinimumVisualStudioVersion = 10.0.40219.1
Project("{FAE04EC0-301F-11D3-BF4B-00C04F79EFBC}") = "Prototype01", "Prototype01\Prototype01.csproj", "{74A443A2-64F4-4602-9B35-F6CE122C3153}"
EndProject
Global
	GlobalSection(SolutionConfigurationPlatforms) = preSolution
		Debug|Any CPU = Debug|Any CPU
		Release|Any CPU = Release|Any CPU
	EndGlobalSection
	GlobalSection(ProjectConfigurationPlatforms) = postSolution
		{74A443A2-64F4-4602-9B35-F6CE122C3153}.Debug|Any CPU.ActiveCfg = Debug|Any CPU
		{74A443A2-64F4-4602-9B35-F6CE122C3153}.Debug|Any CPU.Build.0 = Debug|Any CPU
		{74A443A2-64F4-4602-9B35-F6CE122C3153}.Release|Any CPU.ActiveCfg = Release|Any CPU
		{74A443A2-64F4-4602-9B35-F6CE122C3153}.Release|Any CPU.Build.0 = Release|Any CPU
	EndGlobalSection
	GlobalSection(SolutionProperties) = preSolution
		HideSolutionNode = FALSE
	EndGlobalSection
	GlobalSection(ExtensibilityGlobals) = postSolution
		SolutionGuid = {A8AE16EF-53E2-45E8-884D-F17CE3CA87F1}
	EndGlobalSection
EndGlobal
