
Microsoft Visual Studio Solution File, Format Version 12.00
# Visual Studio Version 17
VisualStudioVersion = 17.2.32630.192
MinimumVisualStudioVersion = 10.0.40219.1
Project("{FAE04EC0-301F-11D3-BF4B-00C04F79EFBC}") = "Prototype05", "Prototype05\Prototype05.csproj", "{6648F7C8-F3B3-44A5-9B02-5089A4F49A1D}"
EndProject
Global
	GlobalSection(SolutionConfigurationPlatforms) = preSolution
		Debug|Any CPU = Debug|Any CPU
		Release|Any CPU = Release|Any CPU
	EndGlobalSection
	GlobalSection(ProjectConfigurationPlatforms) = postSolution
		{6648F7C8-F3B3-44A5-9B02-5089A4F49A1D}.Debug|Any CPU.ActiveCfg = Debug|Any CPU
		{6648F7C8-F3B3-44A5-9B02-5089A4F49A1D}.Debug|Any CPU.Build.0 = Debug|Any CPU
		{6648F7C8-F3B3-44A5-9B02-5089A4F49A1D}.Release|Any CPU.ActiveCfg = Release|Any CPU
		{6648F7C8-F3B3-44A5-9B02-5089A4F49A1D}.Release|Any CPU.Build.0 = Release|Any CPU
	EndGlobalSection
	GlobalSection(SolutionProperties) = preSolution
		HideSolutionNode = FALSE
	EndGlobalSection
	GlobalSection(ExtensibilityGlobals) = postSolution
		SolutionGuid = {AF6AD333-6688-4799-9772-B3543FA7B23F}
	EndGlobalSection
EndGlobal
